
Microsoft Visual Studio Solution File, Format Version 12.00
# Visual Studio Version 17
VisualStudioVersion = 17.5.002.0
MinimumVisualStudioVersion = 10.0.40219.1
Project("{9A19103F-16F7-4668-BE54-9A1E7A4F7556}") = "aula2", "aula2.csproj", "{57F24421-A90A-46F1-ABC7-6471D168003D}"
EndProject
Global
	GlobalSection(SolutionConfigurationPlatforms) = preSolution
		Debug|Any CPU = Debug|Any CPU
		Release|Any CPU = Release|Any CPU
	EndGlobalSection
	GlobalSection(ProjectConfigurationPlatforms) = postSolution
		{57F24421-A90A-46F1-ABC7-6471D168003D}.Debug|Any CPU.ActiveCfg = Debug|Any CPU
		{57F24421-A90A-46F1-ABC7-6471D168003D}.Debug|Any CPU.Build.0 = Debug|Any CPU
		{57F24421-A90A-46F1-ABC7-6471D168003D}.Release|Any CPU.ActiveCfg = Release|Any CPU
		{57F24421-A90A-46F1-ABC7-6471D168003D}.Release|Any CPU.Build.0 = Release|Any CPU
	EndGlobalSection
	GlobalSection(SolutionProperties) = preSolution
		HideSolutionNode = FALSE
	EndGlobalSection
	GlobalSection(ExtensibilityGlobals) = postSolution
		SolutionGuid = {D8FFBD05-4397-40E8-B8FA-414AB97C730B}
	EndGlobalSection
EndGlobal
